
Microsoft Visual Studio Solution File, Format Version 12.00
# Visual Studio Version 16
VisualStudioVersion = 16.0.31624.102
MinimumVisualStudioVersion = 10.0.40219.1
Project("{FAE04EC0-301F-11D3-BF4B-00C04F79EFBC}") = "Zadanie1", "Zadanie1\Zadanie1.csproj", "{BCFD1E72-B426-4EAB-98AB-F9B02A09579F}"
EndProject
Global
	GlobalSection(SolutionConfigurationPlatforms) = preSolution
		Debug|Any CPU = Debug|Any CPU
		Release|Any CPU = Release|Any CPU
	EndGlobalSection
	GlobalSection(ProjectConfigurationPlatforms) = postSolution
		{BCFD1E72-B426-4EAB-98AB-F9B02A09579F}.Debug|Any CPU.ActiveCfg = Debug|Any CPU
		{BCFD1E72-B426-4EAB-98AB-F9B02A09579F}.Debug|Any CPU.Build.0 = Debug|Any CPU
		{BCFD1E72-B426-4EAB-98AB-F9B02A09579F}.Release|Any CPU.ActiveCfg = Release|Any CPU
		{BCFD1E72-B426-4EAB-98AB-F9B02A09579F}.Release|Any CPU.Build.0 = Release|Any CPU
	EndGlobalSection
	GlobalSection(SolutionProperties) = preSolution
		HideSolutionNode = FALSE
	EndGlobalSection
	GlobalSection(ExtensibilityGlobals) = postSolution
		SolutionGuid = {4148C20D-6847-4087-B1B1-A6A0D3A7F68B}
	EndGlobalSection
EndGlobal
